
Microsoft Visual Studio Solution File, Format Version 12.00
# Visual Studio 15
VisualStudioVersion = 15.0.27130.2010
MinimumVisualStudioVersion = 10.0.40219.1
Project("{FAE04EC0-301F-11D3-BF4B-00C04F79EFBC}") = "AspNetCoreGitHubAuth", "AspNetCoreGitHubAuth\AspNetCoreGitHubAuth.csproj", "{729FA34B-4ECD-4B4B-9711-9A78C4EA8488}"
EndProject
Global
	GlobalSection(SolutionConfigurationPlatforms) = preSolution
		Debug|Any CPU = Debug|Any CPU
		Release|Any CPU = Release|Any CPU
	EndGlobalSection
	GlobalSection(ProjectConfigurationPlatforms) = postSolution
		{729FA34B-4ECD-4B4B-9711-9A78C4EA8488}.Debug|Any CPU.ActiveCfg = Debug|Any CPU
		{729FA34B-4ECD-4B4B-9711-9A78C4EA8488}.Debug|Any CPU.Build.0 = Debug|Any CPU
		{729FA34B-4ECD-4B4B-9711-9A78C4EA8488}.Release|Any CPU.ActiveCfg = Release|Any CPU
		{729FA34B-4ECD-4B4B-9711-9A78C4EA8488}.Release|Any CPU.Build.0 = Release|Any CPU
	EndGlobalSection
	GlobalSection(SolutionProperties) = preSolution
		HideSolutionNode = FALSE
	EndGlobalSection
	GlobalSection(ExtensibilityGlobals) = postSolution
		SolutionGuid = {9D357689-B5D6-48CA-9374-7F1D3E7396F7}
	EndGlobalSection
EndGlobal
